
Microsoft Visual Studio Solution File, Format Version 12.00
# Visual Studio Version 16
VisualStudioVersion = 16.0.31424.327
MinimumVisualStudioVersion = 10.0.40219.1
Project("{FAE04EC0-301F-11D3-BF4B-00C04F79EFBC}") = "Conectando_BDO", "Conectando_BDO\Conectando_BDO.csproj", "{FA14384F-7339-40B4-8D59-8FBA2712D7AA}"
EndProject
Global
	GlobalSection(SolutionConfigurationPlatforms) = preSolution
		Debug|Any CPU = Debug|Any CPU
		Release|Any CPU = Release|Any CPU
	EndGlobalSection
	GlobalSection(ProjectConfigurationPlatforms) = postSolution
		{FA14384F-7339-40B4-8D59-8FBA2712D7AA}.Debug|Any CPU.ActiveCfg = Debug|Any CPU
		{FA14384F-7339-40B4-8D59-8FBA2712D7AA}.Debug|Any CPU.Build.0 = Debug|Any CPU
		{FA14384F-7339-40B4-8D59-8FBA2712D7AA}.Release|Any CPU.ActiveCfg = Release|Any CPU
		{FA14384F-7339-40B4-8D59-8FBA2712D7AA}.Release|Any CPU.Build.0 = Release|Any CPU
	EndGlobalSection
	GlobalSection(SolutionProperties) = preSolution
		HideSolutionNode = FALSE
	EndGlobalSection
	GlobalSection(ExtensibilityGlobals) = postSolution
		SolutionGuid = {C0048F19-6A52-45C3-B5E8-2F0940293B22}
	EndGlobalSection
EndGlobal
